[root]
name = "reminisce"
version = "0.2.0"
dependencies = [
 "sdl2 0.0.28 (git+https://github.com/AngryLawyer/rust-sdl2)",
]

[[package]]
name = "bitflags"
version = "0.1.1"
source = "registry+https://github.com/rust-lang/crates.io-index"

[[package]]
name = "libc"
version = "0.1.2"
source = "registry+https://github.com/rust-lang/crates.io-index"

[[package]]
name = "log"
version = "0.2.5"
source = "registry+https://github.com/rust-lang/crates.io-index"

[[package]]
name = "rand"
version = "0.2.0"
source = "registry+https://github.com/rust-lang/crates.io-index"
dependencies = [
 "libc 0.1.2 (registry+https://github.com/rust-lang/crates.io-index)",
 "log 0.2.5 (registry+https://github.com/rust-lang/crates.io-index)",
]

[[package]]
name = "sdl2"
version = "0.0.28"
source = "git+https://github.com/AngryLawyer/rust-sdl2#f2e7c4fb354907bfa9476343ac34c6af58870681"
dependencies = [
 "bitflags 0.1.1 (registry+https://github.com/rust-lang/crates.io-index)",
 "libc 0.1.2 (registry+https://github.com/rust-lang/crates.io-index)",
 "rand 0.2.0 (registry+https://github.com/rust-lang/crates.io-index)",
 "sdl2-sys 0.0.27 (git+https://github.com/AngryLawyer/rust-sdl2)",
]

[[package]]
name = "sdl2-sys"
version = "0.0.27"
source = "git+https://github.com/AngryLawyer/rust-sdl2#f2e7c4fb354907bfa9476343ac34c6af58870681"
dependencies = [
 "libc 0.1.2 (registry+https://github.com/rust-lang/crates.io-index)",
]

